
Microsoft Visual Studio Solution File, Format Version 12.00
# Visual Studio 15
VisualStudioVersion = 15.0.26124.0
MinimumVisualStudioVersion = 15.0.26124.0
Project("{FAE04EC0-301F-11D3-BF4B-00C04F79EFBC}") = "ui", "ui\ui.csproj", "{9BA77F7B-8330-4890-BC1B-A5370733F3AD}"
EndProject
Project("{FAE04EC0-301F-11D3-BF4B-00C04F79EFBC}") = "UnitTest", "tests\UnitTest.csproj", "{D69C93B1-6963-49D4-AF4D-AF366A52026B}"
EndProject
Project("{FAE04EC0-301F-11D3-BF4B-00C04F79EFBC}") = "coredomain", "coredomain\coredomain.csproj", "{8C3F0777-A3F9-48AA-A898-66976C683A33}"
EndProject
Global
	GlobalSection(SolutionConfigurationPlatforms) = preSolution
		Debug|Any CPU = Debug|Any CPU
		Debug|x64 = Debug|x64
		Debug|x86 = Debug|x86
		Release|Any CPU = Release|Any CPU
		Release|x64 = Release|x64
		Release|x86 = Release|x86
	EndGlobalSection
	GlobalSection(SolutionProperties) = preSolution
		HideSolutionNode = FALSE
	EndGlobalSection
	GlobalSection(ProjectConfigurationPlatforms) = postSolution
		{9BA77F7B-8330-4890-BC1B-A5370733F3AD}.Debug|Any CPU.ActiveCfg = Debug|Any CPU
		{9BA77F7B-8330-4890-BC1B-A5370733F3AD}.Debug|Any CPU.Build.0 = Debug|Any CPU
		{9BA77F7B-8330-4890-BC1B-A5370733F3AD}.Debug|x64.ActiveCfg = Debug|Any CPU
		{9BA77F7B-8330-4890-BC1B-A5370733F3AD}.Debug|x64.Build.0 = Debug|Any CPU
		{9BA77F7B-8330-4890-BC1B-A5370733F3AD}.Debug|x86.ActiveCfg = Debug|Any CPU
		{9BA77F7B-8330-4890-BC1B-A5370733F3AD}.Debug|x86.Build.0 = Debug|Any CPU
		{9BA77F7B-8330-4890-BC1B-A5370733F3AD}.Release|Any CPU.ActiveCfg = Release|Any CPU
		{9BA77F7B-8330-4890-BC1B-A5370733F3AD}.Release|Any CPU.Build.0 = Release|Any CPU
		{9BA77F7B-8330-4890-BC1B-A5370733F3AD}.Release|x64.ActiveCfg = Release|Any CPU
		{9BA77F7B-8330-4890-BC1B-A5370733F3AD}.Release|x64.Build.0 = Release|Any CPU
		{9BA77F7B-8330-4890-BC1B-A5370733F3AD}.Release|x86.ActiveCfg = Release|Any CPU
		{9BA77F7B-8330-4890-BC1B-A5370733F3AD}.Release|x86.Build.0 = Release|Any CPU
		{D69C93B1-6963-49D4-AF4D-AF366A52026B}.Debug|Any CPU.ActiveCfg = Debug|Any CPU
		{D69C93B1-6963-49D4-AF4D-AF366A52026B}.Debug|Any CPU.Build.0 = Debug|Any CPU
		{D69C93B1-6963-49D4-AF4D-AF366A52026B}.Debug|x64.ActiveCfg = Debug|Any CPU
		{D69C93B1-6963-49D4-AF4D-AF366A52026B}.Debug|x64.Build.0 = Debug|Any CPU
		{D69C93B1-6963-49D4-AF4D-AF366A52026B}.Debug|x86.ActiveCfg = Debug|Any CPU
		{D69C93B1-6963-49D4-AF4D-AF366A52026B}.Debug|x86.Build.0 = Debug|Any CPU
		{D69C93B1-6963-49D4-AF4D-AF366A52026B}.Release|Any CPU.ActiveCfg = Release|Any CPU
		{D69C93B1-6963-49D4-AF4D-AF366A52026B}.Release|Any CPU.Build.0 = Release|Any CPU
		{D69C93B1-6963-49D4-AF4D-AF366A52026B}.Release|x64.ActiveCfg = Release|Any CPU
		{D69C93B1-6963-49D4-AF4D-AF366A52026B}.Release|x64.Build.0 = Release|Any CPU
		{D69C93B1-6963-49D4-AF4D-AF366A52026B}.Release|x86.ActiveCfg = Release|Any CPU
		{D69C93B1-6963-49D4-AF4D-AF366A52026B}.Release|x86.Build.0 = Release|Any CPU
		{8C3F0777-A3F9-48AA-A898-66976C683A33}.Debug|Any CPU.ActiveCfg = Debug|Any CPU
		{8C3F0777-A3F9-48AA-A898-66976C683A33}.Debug|Any CPU.Build.0 = Debug|Any CPU
		{8C3F0777-A3F9-48AA-A898-66976C683A33}.Debug|x64.ActiveCfg = Debug|Any CPU
		{8C3F0777-A3F9-48AA-A898-66976C683A33}.Debug|x64.Build.0 = Debug|Any CPU
		{8C3F0777-A3F9-48AA-A898-66976C683A33}.Debug|x86.ActiveCfg = Debug|Any CPU
		{8C3F0777-A3F9-48AA-A898-66976C683A33}.Debug|x86.Build.0 = Debug|Any CPU
		{8C3F0777-A3F9-48AA-A898-66976C683A33}.Release|Any CPU.ActiveCfg = Release|Any CPU
		{8C3F0777-A3F9-48AA-A898-66976C683A33}.Release|Any CPU.Build.0 = Release|Any CPU
		{8C3F0777-A3F9-48AA-A898-66976C683A33}.Release|x64.ActiveCfg = Release|Any CPU
		{8C3F0777-A3F9-48AA-A898-66976C683A33}.Release|x64.Build.0 = Release|Any CPU
		{8C3F0777-A3F9-48AA-A898-66976C683A33}.Release|x86.ActiveCfg = Release|Any CPU
		{8C3F0777-A3F9-48AA-A898-66976C683A33}.Release|x86.Build.0 = Release|Any CPU
	EndGlobalSection
EndGlobal
